
Microsoft Visual Studio Solution File, Format Version 12.00
# Visual Studio 15
Project("{FAE04EC0-301F-11D3-BF4B-00C04F79EFBC}") = "iotentreceiver", "iotentreceiver\iotentreceiver.csproj", "{891E0A32-7D77-454E-B7B0-F036A21AC0B9}"
EndProject
Global
	GlobalSection(SolutionConfigurationPlatforms) = preSolution
		Debug|Any CPU = Debug|Any CPU
		Release|Any CPU = Release|Any CPU
	EndGlobalSection
	GlobalSection(ProjectConfigurationPlatforms) = postSolution
		{891E0A32-7D77-454E-B7B0-F036A21AC0B9}.Debug|Any CPU.ActiveCfg = Debug|Any CPU
		{891E0A32-7D77-454E-B7B0-F036A21AC0B9}.Debug|Any CPU.Build.0 = Debug|Any CPU
		{891E0A32-7D77-454E-B7B0-F036A21AC0B9}.Release|Any CPU.ActiveCfg = Release|Any CPU
		{891E0A32-7D77-454E-B7B0-F036A21AC0B9}.Release|Any CPU.Build.0 = Release|Any CPU
	EndGlobalSection
EndGlobal
